
Microsoft Visual Studio Solution File, Format Version 12.00
Project("{FAE04EC0-301F-11D3-BF4B-00C04F79EFBC}") = "RPS_Project_AM", "RPS_Project_AM\RPS_Project_AM.csproj", "{5629FE44-012B-4103-9CEA-7F3F2FA7D1F9}"
EndProject
Global
	GlobalSection(SolutionConfigurationPlatforms) = preSolution
		Debug|Any CPU = Debug|Any CPU
		Release|Any CPU = Release|Any CPU
	EndGlobalSection
	GlobalSection(ProjectConfigurationPlatforms) = postSolution
		{5629FE44-012B-4103-9CEA-7F3F2FA7D1F9}.Debug|Any CPU.ActiveCfg = Debug|Any CPU
		{5629FE44-012B-4103-9CEA-7F3F2FA7D1F9}.Debug|Any CPU.Build.0 = Debug|Any CPU
		{5629FE44-012B-4103-9CEA-7F3F2FA7D1F9}.Release|Any CPU.ActiveCfg = Release|Any CPU
		{5629FE44-012B-4103-9CEA-7F3F2FA7D1F9}.Release|Any CPU.Build.0 = Release|Any CPU
	EndGlobalSection
EndGlobal
